
Microsoft Visual Studio Solution File, Format Version 12.00
# Visual Studio Version 17
VisualStudioVersion = 17.7.34024.191
MinimumVisualStudioVersion = 10.0.40219.1
Project("{FAE04EC0-301F-11D3-BF4B-00C04F79EFBC}") = "TestAttributes", "TestAttributes.csproj", "{FD4D00F3-B365-4D9E-88BA-C5D98EE6F459}"
EndProject
Global
	GlobalSection(SolutionConfigurationPlatforms) = preSolution
		Debug|Any CPU = Debug|Any CPU
		Release|Any CPU = Release|Any CPU
	EndGlobalSection
	GlobalSection(ProjectConfigurationPlatforms) = postSolution
		{FD4D00F3-B365-4D9E-88BA-C5D98EE6F459}.Debug|Any CPU.ActiveCfg = Debug|Any CPU
		{FD4D00F3-B365-4D9E-88BA-C5D98EE6F459}.Debug|Any CPU.Build.0 = Debug|Any CPU
		{FD4D00F3-B365-4D9E-88BA-C5D98EE6F459}.Release|Any CPU.ActiveCfg = Release|Any CPU
		{FD4D00F3-B365-4D9E-88BA-C5D98EE6F459}.Release|Any CPU.Build.0 = Release|Any CPU
	EndGlobalSection
	GlobalSection(SolutionProperties) = preSolution
		HideSolutionNode = FALSE
	EndGlobalSection
	GlobalSection(ExtensibilityGlobals) = postSolution
		SolutionGuid = {05768F0F-6282-4EC7-AE7C-72C1CB00FBEF}
	EndGlobalSection
EndGlobal
